%{
  "absinthe": {:hex, :absinthe, "1.7.0", "36819e7b1fd5046c9c734f27fe7e564aed3bda59f0354c37cd2df88fd32dd014", [:mix], [{:dataloader, "~> 1.0.0", [hex: :dataloader, repo: "hexpm", optional: true]}, {:decimal, "~> 1.0 or ~> 2.0", [hex: :decimal, repo: "hexpm", optional: true]}, {:nimble_parsec, "~> 0.5 or ~> 1.0", [hex: :nimble_parsec, repo: "hexpm", optional: false]}, {:telemetry, "~> 1.0 or ~> 0.4", [hex: :telemetry, repo: "hexpm", optional: false]}], "hexpm", "566a5b5519afc9b29c4d367f0c6768162de3ec03e9bf9916f9dc2bcbe7c09643"},
  "decimal": {:hex, :decimal, "2.1.1", "5611dca5d4b2c3dd497dec8f68751f1f1a54755e8ed2a966c2633cf885973ad6", [:mix], [], "hexpm", "53cfe5f497ed0e7771ae1a475575603d77425099ba5faef9394932b35020ffcc"},
  "ecto": {:hex, :ecto, "3.10.3", "eb2ae2eecd210b4eb8bece1217b297ad4ff824b4384c0e3fdd28aaf96edd6135", [:mix], [{:decimal, "~> 1.6 or ~> 2.0", [hex: :decimal, repo: "hexpm", optional: false]}, {:jason, "~> 1.0", [hex: :jason, repo: "hexpm", optional: true]}, {:telemetry, "~> 0.4 or ~> 1.0", [hex: :telemetry, repo: "hexpm", optional: false]}], "hexpm", "44bec74e2364d491d70f7e42cd0d690922659d329f6465e89feb8a34e8cd3433"},
  "gettext": {:hex, :gettext, "0.20.0", "75ad71de05f2ef56991dbae224d35c68b098dd0e26918def5bb45591d5c8d429", [:mix], [], "hexpm", "1c03b177435e93a47441d7f681a7040bd2a816ece9e2666d1c9001035121eb3d"},
  "mime": {:hex, :mime, "2.0.3", "3676436d3d1f7b81b5a2d2bd8405f412c677558c81b1c92be58c00562bb59095", [:mix], [], "hexpm", "27a30bf0db44d25eecba73755acf4068cbfe26a4372f9eb3e4ea3a45956bff6b"},
  "nimble_parsec": {:hex, :nimble_parsec, "1.2.3", "244836e6e3f1200c7f30cb56733fd808744eca61fd182f731eac4af635cc6d0b", [:mix], [], "hexpm", "c8d789e39b9131acf7b99291e93dae60ab48ef14a7ee9d58c6964f59efb570b0"},
  "plug": {:hex, :plug, "1.13.6", "187beb6b67c6cec50503e940f0434ea4692b19384d47e5fdfd701e93cadb4cc2", [:mix], [{:mime, "~> 1.0 or ~> 2.0", [hex: :mime, repo: "hexpm", optional: false]}, {:plug_crypto, "~> 1.1.1 or ~> 1.2", [hex: :plug_crypto, repo: "hexpm", optional: false]}, {:telemetry, "~> 0.4.3 or ~> 1.0", [hex: :telemetry, repo: "hexpm", optional: false]}], "hexpm", "02b9c6b9955bce92c829f31d6284bf53c591ca63c4fb9ff81dfd0418667a34ff"},
  "plug_crypto": {:hex, :plug_crypto, "1.2.3", "8f77d13aeb32bfd9e654cb68f0af517b371fb34c56c9f2b58fe3df1235c1251a", [:mix], [], "hexpm", "b5672099c6ad5c202c45f5a403f21a3411247f164e4a8fab056e5cd8a290f4a2"},
  "scrivener": {:hex, :scrivener, "2.7.2", "1d913c965ec352650a7f864ad7fd8d80462f76a32f33d57d1e48bc5e9d40aba2", [:mix], [], "hexpm", "7866a0ec4d40274efbee1db8bead13a995ea4926ecd8203345af8f90d2b620d9"},
  "telemetry": {:hex, :telemetry, "1.2.1", "68fdfe8d8f05a8428483a97d7aab2f268aaff24b49e0f599faa091f1d4e7f61c", [:rebar3], [], "hexpm", "dad9ce9d8effc621708f99eac538ef1cbe05d6a874dd741de2e689c47feafed5"},
}
